// !$*UTF8*$!
{
	archiveVersion = 1;
	classes = {
	};
	objectVersion = 46;
	objects = {

/* Begin PBXBuildFile section */
		242808E51E783C72008073EB /* AppDelegate.swift in Sources */ = {isa = PBXBuildFile; fileRef = 242808E41E783C72008073EB /* AppDelegate.swift */; };
		242808E71E783C72008073EB /* ViewController.swift in Sources */ = {isa = PBXBuildFile; fileRef = 242808E61E783C72008073EB /* ViewController.swift */; };
		242808EA1E783C72008073EB /* Main.storyboard in Resources */ = {isa = PBXBuildFile; fileRef = 242808E81E783C72008073EB /* Main.storyboard */; };
		242808EC1E783C72008073EB /* Assets.xcassets in Resources */ = {isa = PBXBuildFile; fileRef = 242808EB1E783C72008073EB /* Assets.xcassets */; };
		242808EF1E783C72008073EB /* LaunchScreen.storyboard in Resources */ = {isa = PBXBuildFile; fileRef = 242808ED1E783C72008073EB /* LaunchScreen.storyboard */; };
/* End PBXBuildFile section */

/* Begin PBXFileReference section */
		242808E11E783C72008073EB /* Pace Calculator.app */ = {isa = PBXFileReference; explicitFileType = wrapper.application; includeInIndex = 0; path = "Pace Calculator.app"; sourceTree = BUILT_PRODUCTS_DIR; };
		242808E41E783C72008073EB /* AppDelegate.swift */ = {isa = PBXFileReference; lastKnownFileType = sourcecode.swift; path = AppDelegate.swift; sourceTree = "<group>"; };
		242808E61E783C72008073EB /* ViewController.swift */ = {isa = PBXFileReference; lastKnownFileType = sourcecode.swift; path = ViewController.swift; sourceTree = "<group>"; };
		242808E91E783C72008073EB /* Base */ = {isa = PBXFileReference; lastKnownFileType = file.storyboard; name = Base; path = Base.lproj/Main.storyboard; sourceTree = "<group>"; };
		242808EB1E783C72008073EB /* Assets.xcassets */ = {isa = PBXFileReference; lastKnownFileType = folder.assetcatalog; path = Assets.xcassets; sourceTree = "<group>"; };
		242808EE1E783C72008073EB /* Base */ = {isa = PBXFileReference; lastKnownFileType = file.storyboard; name = Base; path = Base.lproj/LaunchScreen.storyboard; sourceTree = "<group>"; };
		242808F01E783C72008073EB /* Info.plist */ = {isa = PBXFileReference; lastKnownFileType = text.plist.xml; path = Info.plist; sourceTree = "<group>"; };
/* End PBXFileReference section */

/* Begin PBXFrameworksBuildPhase section */
		242808DE1E783C72008073EB /* Frameworks */ = {
			isa = PBXFrameworksBuildPhase;
			buildActionMask = 2147483647;
			files = (
			);
			runOnlyForDeploymentPostprocessing = 0;
		};
/* End PBXFrameworksBuildPhase section */

/* Begin PBXGroup section */
		242808D81E783C72008073EB = {
			isa = PBXGroup;
			children = (
				242808E31E783C72008073EB /* Pace Calculator */,
				242808E21E783C72008073EB /* Products */,
			);
			sourceTree = "<group>";
		};
		242808E21E783C72008073EB /* Products */ = {
			isa = PBXGroup;
			children = (
				242808E11E783C72008073EB /* Pace Calculator.app */,
			);
			name = Products;
			sourceTree = "<group>";
		};
		242808E31E783C72008073EB /* Pace Calculator */ = {
			isa = PBXGroup;
			children = (
				242808E41E783C72008073EB /* AppDelegate.swift */,
				242808E61E783C72008073EB /* ViewController.swift */,
				242808E81E783C72008073EB /* Main.storyboard */,
				242808EB1E783C72008073EB /* Assets.xcassets */,
				242808ED1E783C72008073EB /* LaunchScreen.storyboard */,
				242808F01E783C72008073EB /* Info.plist */,
			);
			path = "Pace Calculator";
			sourceTree = "<group>";
		};
/* End PBXGroup section */

/* Begin PBXNativeTarget section */
		242808E01E783C72008073EB /* Pace Calculator */ = {
			isa = PBXNativeTarget;
			buildConfigurationList = 242808F31E783C72008073EB /* Build configuration list for PBXNativeTarget "Pace Calculator" */;
			buildPhases = (
				242808DD1E783C72008073EB /* Sources */,
				242808DE1E783C72008073EB /* Frameworks */,
				242808DF1E783C72008073EB /* Resources */,
			);
			buildRules = (
			);
			dependencies = (
			);
			name = "Pace Calculator";
			productName = "Pace Calculator";
			productReference = 242808E11E783C72008073EB /* Pace Calculator.app */;
			productType = "com.apple.product-type.application";
		};
/* End PBXNativeTarget section */

/* Begin PBXProject section */
		242808D91E783C72008073EB /* Project object */ = {
			isa = PBXProject;
			attributes = {
				LastSwiftUpdateCheck = 0820;
				LastUpgradeCheck = 0820;
				ORGANIZATIONNAME = OstrichSoft;
				TargetAttributes = {
					242808E01E783C72008073EB = {
						CreatedOnToolsVersion = 8.2.1;
						DevelopmentTeam = K86U22FHZ3;
						ProvisioningStyle = Automatic;
					};
				};
			};
			buildConfigurationList = 242808DC1E783C72008073EB /* Build configuration list for PBXProject "Pace Calculator" */;
			compatibilityVersion = "Xcode 3.2";
			developmentRegion = English;
			hasScannedForEncodings = 0;
			knownRegions = (
				en,
				Base,
			);
			mainGroup = 242808D81E783C72008073EB;
			productRefGroup = 242808E21E783C72008073EB /* Products */;
			projectDirPath = "";
			projectRoot = "";
			targets = (
				242808E01E783C72008073EB /* Pace Calculator */,
			);
		};
/* End PBXProject section */

/* Begin PBXResourcesBuildPhase section */
		242808DF1E783C72008073EB /* Resources */ = {
			isa = PBXResourcesBuildPhase;
			buildActionMask = 2147483647;
			files = (
				242808EF1E783C72008073EB /* LaunchScreen.storyboard in Resources */,
				242808EC1E783C72008073EB /* Assets.xcassets in Resources */,
				242808EA1E783C72008073EB /* Main.storyboard in Resources */,
			);
			runOnlyForDeploymentPostprocessing = 0;
		};
/* End PBXResourcesBuildPhase section */

/* Begin PBXSourcesBuildPhase section */
		242808DD1E783C72008073EB /* Sources */ = {
			isa = PBXSourcesBuildPhase;
			buildActionMask = 2147483647;
			files = (
				242808E71E783C72008073EB /* ViewController.swift in Sources */,
				242808E51E783C72008073EB /* AppDelegate.swift in Sources */,
			);
			runOnlyForDeploymentPostprocessing = 0;
		};
/* End PBXSourcesBuildPhase section */

/* Begin PBXVariantGroup section */
		242808E81E783C72008073EB /* Main.storyboard */ = {
			isa = PBXVariantGroup;
			children = (
				242808E91E783C72008073EB /* Base */,
			);
			name = Main.storyboard;
			sourceTree = "<group>";
		};
		242808ED1E783C72008073EB /* LaunchScreen.storyboard */ = {
			isa = PBXVariantGroup;
			children = (
				242808EE1E783C72008073EB /* Base */,
			);
			name = LaunchScreen.storyboard;
			sourceTree = "<group>";
		};
/* End PBXVariantGroup section */

/* Begin XCBuildConfiguration section */
		242808F11E783C72008073EB /* Debug */ = {
			isa = XCBuildConfiguration;
			buildSettings = {
				ALWAYS_SEARCH_USER_PATHS = NO;
				CLANG_ANALYZER_NONNULL = YES;
				CLANG_CXX_LANGUAGE_STANDARD = "gnu++0x";
				CLANG_CXX_LIBRARY = "libc++";
				CLANG_ENABLE_MODULES = YES;
				CLANG_ENABLE_OBJC_ARC = YES;
				CLANG_WARN_BOOL_CONVERSION = YES;
				CLANG_WARN_CONSTANT_CONVERSION = YES;
				CLANG_WARN_DIRECT_OBJC_ISA_USAGE = YES_ERROR;
				CLANG_WARN_DOCUMENTATION_COMMENTS = YES;
				CLANG_WARN_EMPTY_BODY = YES;
				CLANG_WARN_ENUM_CONVERSION = YES;
				CLANG_WARN_INFINITE_RECURSION = YES;
				CLANG_WARN_INT_CONVERSION = YES;
				CLANG_WARN_OBJC_ROOT_CLASS = YES_ERROR;
				CLANG_WARN_SUSPICIOUS_MOVE = YES;
				CLANG_WARN_UNREACHABLE_CODE = YES;
				CLANG_WARN__DUPLICATE_METHOD_MATCH = YES;
				"CODE_SIGN_IDENTITY[sdk=iphoneos*]" = "iPhone Developer";
				COPY_PHASE_STRIP = NO;
				DEBUG_INFORMATION_FORMAT = dwarf;
				ENABLE_STRICT_OBJC_MSGSEND = YES;
				ENABLE_TESTABILITY = YES;
				GCC_C_LANGUAGE_STANDARD = gnu99;
				GCC_DYNAMIC_NO_PIC = NO;
				GCC_NO_COMMON_BLOCKS = YES;
				GCC_OPTIMIZATION_LEVEL = 0;
				GCC_PREPROCESSOR_DEFINITIONS = (
					"DEBUG=1",
					"$(inherited)",
				);
				GCC_WARN_64_TO_32_BIT_CONVERSION = YES;
				GCC_WARN_ABOUT_RETURN_TYPE = YES_ERROR;
				GCC_WARN_UNDECLARED_SELECTOR = YES;
				GCC_WARN_UNINITIALIZED_AUTOS = YES_AGGRESSIVE;
				GCC_WARN_UNUSED_FUNCTION = YES;
				GCC_WARN_UNUSED_VARIABLE = YES;
				IPHONEOS_DEPLOYMENT_TARGET = 10.2;
				MTL_ENABLE_DEBUG_INFO = YES;
				ONLY_ACTIVE_ARCH = YES;
				SDKROOT = iphoneos;
				SWIFT_ACTIVE_COMPILATION_CONDITIONS = DEBUG;
				SWIFT_OPTIMIZATION_LEVEL = "-Onone";
			};
			name = Debug;
		};
		242808F21E783C72008073EB /* Release */ = {
			isa = XCBuildConfiguration;
			buildSettings = {
				ALWAYS_SEARCH_USER_PATHS = NO;
				CLANG_ANALYZER_NONNULL = YES;
				CLANG_CXX_LANGUAGE_STANDARD = "gnu++0x";
				CLANG_CXX_LIBRARY = "libc++";
				CLANG_ENABLE_MODULES = YES;
				CLANG_ENABLE_OBJC_ARC = YES;
				CLANG_WARN_BOOL_CONVERSION = YES;
				CLANG_WARN_CONSTANT_CONVERSION = YES;
				CLANG_WARN_DIRECT_OBJC_ISA_USAGE = YES_ERROR;
				CLANG_WARN_DOCUMENTATION_COMMENTS = YES;
				CLANG_WARN_EMPTY_BODY = YES;
				CLANG_WARN_ENUM_CONVERSION = YES;
				CLANG_WARN_INFINITE_RECURSION = YES;
				CLANG_WARN_INT_CONVERSION = YES;
				CLANG_WARN_OBJC_ROOT_CLASS = YES_ERROR;
				CLANG_WARN_SUSPICIOUS_MOVE = YES;
				CLANG_WARN_UNREACHABLE_CODE = YES;
				CLANG_WARN__DUPLICATE_METHOD_MATCH = YES;
				"CODE_SIGN_IDENTITY[sdk=iphoneos*]" = "iPhone Developer";
				COPY_PHASE_STRIP = NO;
				DEBUG_INFORMATION_FORMAT = "dwarf-with-dsym";
				ENABLE_NS_ASSERTIONS = NO;
				ENABLE_STRICT_OBJC_MSGSEND = YES;
				GCC_C_LANGUAGE_STANDARD = gnu99;
				GCC_NO_COMMON_BLOCKS = YES;
				GCC_WARN_64_TO_32_BIT_CONVERSION = YES;
				GCC_WARN_ABOUT_RETURN_TYPE = YES_ERROR;
				GCC_WARN_UNDECLARED_SELECTOR = YES;
				GCC_WARN_UNINITIALIZED_AUTOS = YES_AGGRESSIVE;
				GCC_WARN_UNUSED_FUNCTION = YES;
				GCC_WARN_UNUSED_VARIABLE = YES;
				IPHONEOS_DEPLOYMENT_TARGET = 10.2;
				MTL_ENABLE_DEBUG_INFO = NO;
				SDKROOT = iphoneos;
				SWIFT_OPTIMIZATION_LEVEL = "-Owholemodule";
				VALIDATE_PRODUCT = YES;
			};
			name = Release;
		};
		242808F41E783C72008073EB /* Debug */ = {
			isa = XCBuildConfiguration;
			buildSettings = {
				ASSETCATALOG_COMPILER_APPICON_NAME = AppIcon;
				DEVELOPMENT_TEAM = K86U22FHZ3;
				INFOPLIST_FILE = "Pace Calculator/Info.plist";
				LD_RUNPATH_SEARCH_PATHS = "$(inherited) @executable_path/Frameworks";
				PRODUCT_BUNDLE_IDENTIFIER = "com.OstrichSoft.SwiftFundamentals.Pace-Calculator";
				PRODUCT_NAME = "$(TARGET_NAME)";
				SWIFT_VERSION = 3.0;
			};
			name = Debug;
		};
		242808F51E783C72008073EB /* Release */ = {
			isa = XCBuildConfiguration;
			buildSettings = {
				ASSETCATALOG_COMPILER_APPICON_NAME = AppIcon;
				DEVELOPMENT_TEAM = K86U22FHZ3;
				INFOPLIST_FILE = "Pace Calculator/Info.plist";
				LD_RUNPATH_SEARCH_PATHS = "$(inherited) @executable_path/Frameworks";
				PRODUCT_BUNDLE_IDENTIFIER = "com.OstrichSoft.SwiftFundamentals.Pace-Calculator";
				PRODUCT_NAME = "$(TARGET_NAME)";
				SWIFT_VERSION = 3.0;
			};
			name = Release;
		};
/* End XCBuildConfiguration section */

/* Begin XCConfigurationList section */
		242808DC1E783C72008073EB /* Build configuration list for PBXProject "Pace Calculator" */ = {
			isa = XCConfigurationList;
			buildConfigurations = (
				242808F11E783C72008073EB /* Debug */,
				242808F21E783C72008073EB /* Release */,
			);
			defaultConfigurationIsVisible = 0;
			defaultConfigurationName = Release;
		};
		242808F31E783C72008073EB /* Build configuration list for PBXNativeTarget "Pace Calculator" */ = {
			isa = XCConfigurationList;
			buildConfigurations = (
				242808F41E783C72008073EB /* Debug */,
				242808F51E783C72008073EB /* Release */,
			);
			defaultConfigurationIsVisible = 0;
		};
/* End XCConfigurationList section */
	};
	rootObject = 242808D91E783C72008073EB /* Project object */;
}
